
Microsoft Visual Studio Solution File, Format Version 12.00
# Visual Studio Version 17
VisualStudioVersion = 17.9.34723.18
MinimumVisualStudioVersion = 10.0.40219.1
Project("{FAE04EC0-301F-11D3-BF4B-00C04F79EFBC}") = "eshop.MVC", "eshop.MVC\eshop.MVC.csproj", "{23539978-061E-4E54-84B8-6FB8FF9C97D6}"
EndProject
Project("{FAE04EC0-301F-11D3-BF4B-00C04F79EFBC}") = "eshop.Application", "eshop.Application\eshop.Application.csproj", "{15EB601B-C693-4B1E-8922-5C2F14A012FF}"
EndProject
Global
	GlobalSection(SolutionConfigurationPlatforms) = preSolution
		Debug|Any CPU = Debug|Any CPU
		Release|Any CPU = Release|Any CPU
	EndGlobalSection
	GlobalSection(ProjectConfigurationPlatforms) = postSolution
		{23539978-061E-4E54-84B8-6FB8FF9C97D6}.Debug|Any CPU.ActiveCfg = Debug|Any CPU
		{23539978-061E-4E54-84B8-6FB8FF9C97D6}.Debug|Any CPU.Build.0 = Debug|Any CPU
		{23539978-061E-4E54-84B8-6FB8FF9C97D6}.Release|Any CPU.ActiveCfg = Release|Any CPU
		{23539978-061E-4E54-84B8-6FB8FF9C97D6}.Release|Any CPU.Build.0 = Release|Any CPU
		{15EB601B-C693-4B1E-8922-5C2F14A012FF}.Debug|Any CPU.ActiveCfg = Debug|Any CPU
		{15EB601B-C693-4B1E-8922-5C2F14A012FF}.Debug|Any CPU.Build.0 = Debug|Any CPU
		{15EB601B-C693-4B1E-8922-5C2F14A012FF}.Release|Any CPU.ActiveCfg = Release|Any CPU
		{15EB601B-C693-4B1E-8922-5C2F14A012FF}.Release|Any CPU.Build.0 = Release|Any CPU
	EndGlobalSection
	GlobalSection(SolutionProperties) = preSolution
		HideSolutionNode = FALSE
	EndGlobalSection
	GlobalSection(ExtensibilityGlobals) = postSolution
		SolutionGuid = {A82BE03C-348E-4EC5-BFE0-0DD0623CBFB0}
	EndGlobalSection
EndGlobal
